// !$*UTF8*$!
{
	archiveVersion = 1;
	classes = {
	};
	objectVersion = 46;
	objects = {

/* Begin PBXBuildFile section */
		7D03E8181E3D7FD3007303BF /* SongDetailsBuilder.m in Sources */ = {isa = PBXBuildFile; fileRef = 7D03E8171E3D7FD3007303BF /* SongDetailsBuilder.m */; };
		7D03E81B1E3DBBA8007303BF /* SongViewController.m in Sources */ = {isa = PBXBuildFile; fileRef = 7D03E81A1E3DBBA8007303BF /* SongViewController.m */; };
		7D03E81D1E3DD59D007303BF /* ArtistWebServiceTest.m in Sources */ = {isa = PBXBuildFile; fileRef = 7D03E81C1E3DD59D007303BF /* ArtistWebServiceTest.m */; };
		7D03E81F1E3DDA15007303BF /* JasonResponseSerializerTest.m in Sources */ = {isa = PBXBuildFile; fileRef = 7D03E81E1E3DDA15007303BF /* JasonResponseSerializerTest.m */; };
		7D03E8211E3DDB4D007303BF /* SongDetailsBuilderTest.m in Sources */ = {isa = PBXBuildFile; fileRef = 7D03E8201E3DDB4D007303BF /* SongDetailsBuilderTest.m */; };
		7D03E8231E3DE48D007303BF /* ArtistFacadeTest.m in Sources */ = {isa = PBXBuildFile; fileRef = 7D03E8221E3DE48D007303BF /* ArtistFacadeTest.m */; };
		7D03E82A1E3DF03C007303BF /* NSArray+SongsTableRepresentation.m in Sources */ = {isa = PBXBuildFile; fileRef = 7D03E8291E3DF03C007303BF /* NSArray+SongsTableRepresentation.m */; };
		7D03E82E1E3E017A007303BF /* SongNameCellTableViewCell.m in Sources */ = {isa = PBXBuildFile; fileRef = 7D03E82D1E3E017A007303BF /* SongNameCellTableViewCell.m */; };
		7D03E8311E3E420C007303BF /* SongDetailTextCell.m in Sources */ = {isa = PBXBuildFile; fileRef = 7D03E8301E3E420C007303BF /* SongDetailTextCell.m */; };
		7D03E8341E3E4363007303BF /* SongDetailImageCell.m in Sources */ = {isa = PBXBuildFile; fileRef = 7D03E8331E3E4363007303BF /* SongDetailImageCell.m */; };
		7D03E8371E3E464C007303BF /* SongDetailViewController.m in Sources */ = {isa = PBXBuildFile; fileRef = 7D03E8361E3E464C007303BF /* SongDetailViewController.m */; };
		7D03E83A1E3ED4AC007303BF /* SongDetails+TableRepresentation.m in Sources */ = {isa = PBXBuildFile; fileRef = 7D03E8391E3ED4AC007303BF /* SongDetails+TableRepresentation.m */; };
		7D304F8D1E3C699D008D422E /* main.m in Sources */ = {isa = PBXBuildFile; fileRef = 7D304F8C1E3C699D008D422E /* main.m */; };
		7D304F901E3C699D008D422E /* AppDelegate.m in Sources */ = {isa = PBXBuildFile; fileRef = 7D304F8F1E3C699D008D422E /* AppDelegate.m */; };
		7D304F961E3C699D008D422E /* Main.storyboard in Resources */ = {isa = PBXBuildFile; fileRef = 7D304F941E3C699D008D422E /* Main.storyboard */; };
		7D304F981E3C699D008D422E /* Assets.xcassets in Resources */ = {isa = PBXBuildFile; fileRef = 7D304F971E3C699D008D422E /* Assets.xcassets */; };
		7D304F9B1E3C699D008D422E /* LaunchScreen.storyboard in Resources */ = {isa = PBXBuildFile; fileRef = 7D304F991E3C699D008D422E /* LaunchScreen.storyboard */; };
		7D304FA61E3C699D008D422E /* AtristAppTests.m in Sources */ = {isa = PBXBuildFile; fileRef = 7D304FA51E3C699D008D422E /* AtristAppTests.m */; };
		7D304FB11E3C699D008D422E /* AtristAppUITests.m in Sources */ = {isa = PBXBuildFile; fileRef = 7D304FB01E3C699D008D422E /* AtristAppUITests.m */; };
		7D304FC01E3C6C5B008D422E /* ArtistFacade.m in Sources */ = {isa = PBXBuildFile; fileRef = 7D304FBF1E3C6C5B008D422E /* ArtistFacade.m */; };
		7D304FC51E3C7794008D422E /* ArtistWebService.m in Sources */ = {isa = PBXBuildFile; fileRef = 7D304FC41E3C7794008D422E /* ArtistWebService.m */; };
		7D304FC81E3C789C008D422E /* AbstractWebService.m in Sources */ = {isa = PBXBuildFile; fileRef = 7D304FC71E3C789C008D422E /* AbstractWebService.m */; };
		7D304FCC1E3C79CC008D422E /* JasonResponseSerializer.m in Sources */ = {isa = PBXBuildFile; fileRef = 7D304FCB1E3C79CC008D422E /* JasonResponseSerializer.m */; };
		7D304FD11E3CC563008D422E /* SongDetails.m in Sources */ = {isa = PBXBuildFile; fileRef = 7D304FD01E3CC563008D422E /* SongDetails.m */; };
		7DBAEE931E3EE68900339059 /* ImageDownloader.m in Sources */ = {isa = PBXBuildFile; fileRef = 7DBAEE921E3EE68900339059 /* ImageDownloader.m */; };
		7DBAEE961E3F4D4C00339059 /* SuperTableViewController.m in Sources */ = {isa = PBXBuildFile; fileRef = 7DBAEE951E3F4D4C00339059 /* SuperTableViewController.m */; };
		7DBAEE9E1E405E0D00339059 /* AppHelper.m in Sources */ = {isa = PBXBuildFile; fileRef = 7DBAEE9D1E405E0D00339059 /* AppHelper.m */; };
/* End PBXBuildFile section */

/* Begin PBXContainerItemProxy section */
		7D304FA21E3C699D008D422E /* PBXContainerItemProxy */ = {
			isa = PBXContainerItemProxy;
			containerPortal = 7D304F801E3C699D008D422E /* Project object */;
			proxyType = 1;
			remoteGlobalIDString = 7D304F871E3C699D008D422E;
			remoteInfo = AtristApp;
		};
		7D304FAD1E3C699D008D422E /* PBXContainerItemProxy */ = {
			isa = PBXContainerItemProxy;
			containerPortal = 7D304F801E3C699D008D422E /* Project object */;
			proxyType = 1;
			remoteGlobalIDString = 7D304F871E3C699D008D422E;
			remoteInfo = AtristApp;
		};
/* End PBXContainerItemProxy section */

/* Begin PBXFileReference section */
		7D03E8151E3D7DCF007303BF /* PEntiityBuilder.h */ = {isa = PBXFileReference; fileEncoding = 4; lastKnownFileType = sourcecode.c.h; name = PEntiityBuilder.h; path = Model/Builders/PEntiityBuilder.h; sourceTree = "<group>"; };
		7D03E8161E3D7FD3007303BF /* SongDetailsBuilder.h */ = {isa = PBXFileReference; fileEncoding = 4; lastKnownFileType = sourcecode.c.h; name = SongDetailsBuilder.h; path = Model/Builders/SongDetailsBuilder.h; sourceTree = "<group>"; };
		7D03E8171E3D7FD3007303BF /* SongDetailsBuilder.m */ = {isa = PBXFileReference; fileEncoding = 4; lastKnownFileType = sourcecode.c.objc; name = SongDetailsBuilder.m; path = Model/Builders/SongDetailsBuilder.m; sourceTree = "<group>"; };
		7D03E8191E3DBBA8007303BF /* SongViewController.h */ = {isa = PBXFileReference; fileEncoding = 4; lastKnownFileType = sourcecode.c.h; path = SongViewController.h; sourceTree = "<group>"; };
		7D03E81A1E3DBBA8007303BF /* SongViewController.m */ = {isa = PBXFileReference; fileEncoding = 4; lastKnownFileType = sourcecode.c.objc; path = SongViewController.m; sourceTree = "<group>"; };
		7D03E81C1E3DD59D007303BF /* ArtistWebServiceTest.m */ = {isa = PBXFileReference; fileEncoding = 4; lastKnownFileType = sourcecode.c.objc; path = ArtistWebServiceTest.m; sourceTree = "<group>"; };
		7D03E81E1E3DDA15007303BF /* JasonResponseSerializerTest.m */ = {isa = PBXFileReference; fileEncoding = 4; lastKnownFileType = sourcecode.c.objc; path = JasonResponseSerializerTest.m; sourceTree = "<group>"; };
		7D03E8201E3DDB4D007303BF /* SongDetailsBuilderTest.m */ = {isa = PBXFileReference; fileEncoding = 4; lastKnownFileType = sourcecode.c.objc; path = SongDetailsBuilderTest.m; sourceTree = "<group>"; };
		7D03E8221E3DE48D007303BF /* ArtistFacadeTest.m */ = {isa = PBXFileReference; fileEncoding = 4; lastKnownFileType = sourcecode.c.objc; path = ArtistFacadeTest.m; sourceTree = "<group>"; };
		7D03E8281E3DF03C007303BF /* NSArray+SongsTableRepresentation.h */ = {isa = PBXFileReference; fileEncoding = 4; lastKnownFileType = sourcecode.c.h; name = "NSArray+SongsTableRepresentation.h"; path = "Categories/NSArray+SongsTableRepresentation.h"; sourceTree = "<group>"; };
		7D03E8291E3DF03C007303BF /* NSArray+SongsTableRepresentation.m */ = {isa = PBXFileReference; fileEncoding = 4; lastKnownFileType = sourcecode.c.objc; name = "NSArray+SongsTableRepresentation.m"; path = "Categories/NSArray+SongsTableRepresentation.m"; sourceTree = "<group>"; };
		7D03E82C1E3E017A007303BF /* SongNameCellTableViewCell.h */ = {isa = PBXFileReference; fileEncoding = 4; lastKnownFileType = sourcecode.c.h; name = SongNameCellTableViewCell.h; path = CustomViews/SongNameCellTableViewCell.h; sourceTree = "<group>"; };
		7D03E82D1E3E017A007303BF /* SongNameCellTableViewCell.m */ = {isa = PBXFileReference; fileEncoding = 4; lastKnownFileType = sourcecode.c.objc; name = SongNameCellTableViewCell.m; path = CustomViews/SongNameCellTableViewCell.m; sourceTree = "<group>"; };
		7D03E82F1E3E420C007303BF /* SongDetailTextCell.h */ = {isa = PBXFileReference; fileEncoding = 4; lastKnownFileType = sourcecode.c.h; name = SongDetailTextCell.h; path = CustomViews/SongDetailTextCell.h; sourceTree = "<group>"; };
		7D03E8301E3E420C007303BF /* SongDetailTextCell.m */ = {isa = PBXFileReference; fileEncoding = 4; lastKnownFileType = sourcecode.c.objc; name = SongDetailTextCell.m; path = CustomViews/SongDetailTextCell.m; sourceTree = "<group>"; };
		7D03E8321E3E4363007303BF /* SongDetailImageCell.h */ = {isa = PBXFileReference; fileEncoding = 4; lastKnownFileType = sourcecode.c.h; name = SongDetailImageCell.h; path = CustomViews/SongDetailImageCell.h; sourceTree = "<group>"; };
		7D03E8331E3E4363007303BF /* SongDetailImageCell.m */ = {isa = PBXFileReference; fileEncoding = 4; lastKnownFileType = sourcecode.c.objc; name = SongDetailImageCell.m; path = CustomViews/SongDetailImageCell.m; sourceTree = "<group>"; };
		7D03E8351E3E464C007303BF /* SongDetailViewController.h */ = {isa = PBXFileReference; fileEncoding = 4; lastKnownFileType = sourcecode.c.h; path = SongDetailViewController.h; sourceTree = "<group>"; };
		7D03E8361E3E464C007303BF /* SongDetailViewController.m */ = {isa = PBXFileReference; fileEncoding = 4; lastKnownFileType = sourcecode.c.objc; path = SongDetailViewController.m; sourceTree = "<group>"; };
		7D03E8381E3ED4AC007303BF /* SongDetails+TableRepresentation.h */ = {isa = PBXFileReference; fileEncoding = 4; lastKnownFileType = sourcecode.c.h; name = "SongDetails+TableRepresentation.h"; path = "Categories/SongDetails+TableRepresentation.h"; sourceTree = "<group>"; };
		7D03E8391E3ED4AC007303BF /* SongDetails+TableRepresentation.m */ = {isa = PBXFileReference; fileEncoding = 4; lastKnownFileType = sourcecode.c.objc; name = "SongDetails+TableRepresentation.m"; path = "Categories/SongDetails+TableRepresentation.m"; sourceTree = "<group>"; };
		7D03E83B1E3EDBBA007303BF /* PSongDetailLayout.h */ = {isa = PBXFileReference; fileEncoding = 4; lastKnownFileType = sourcecode.c.h; name = PSongDetailLayout.h; path = Categories/PSongDetailLayout.h; sourceTree = "<group>"; };
		7D304F881E3C699D008D422E /* AtristApp.app */ = {isa = PBXFileReference; explicitFileType = wrapper.application; includeInIndex = 0; path = AtristApp.app; sourceTree = BUILT_PRODUCTS_DIR; };
		7D304F8C1E3C699D008D422E /* main.m */ = {isa = PBXFileReference; lastKnownFileType = sourcecode.c.objc; path = main.m; sourceTree = "<group>"; };
		7D304F8E1E3C699D008D422E /* AppDelegate.h */ = {isa = PBXFileReference; lastKnownFileType = sourcecode.c.h; path = AppDelegate.h; sourceTree = "<group>"; };
		7D304F8F1E3C699D008D422E /* AppDelegate.m */ = {isa = PBXFileReference; lastKnownFileType = sourcecode.c.objc; path = AppDelegate.m; sourceTree = "<group>"; };
		7D304F951E3C699D008D422E /* Base */ = {isa = PBXFileReference; lastKnownFileType = file.storyboard; name = Base; path = Base.lproj/Main.storyboard; sourceTree = "<group>"; };
		7D304F971E3C699D008D422E /* Assets.xcassets */ = {isa = PBXFileReference; lastKnownFileType = folder.assetcatalog; path = Assets.xcassets; sourceTree = "<group>"; };
		7D304F9A1E3C699D008D422E /* Base */ = {isa = PBXFileReference; lastKnownFileType = file.storyboard; name = Base; path = Base.lproj/LaunchScreen.storyboard; sourceTree = "<group>"; };
		7D304F9C1E3C699D008D422E /* Info.plist */ = {isa = PBXFileReference; lastKnownFileType = text.plist.xml; path = Info.plist; sourceTree = "<group>"; };
		7D304FA11E3C699D008D422E /* AtristAppTests.xctest */ = {isa = PBXFileReference; explicitFileType = wrapper.cfbundle; includeInIndex = 0; path = AtristAppTests.xctest; sourceTree = BUILT_PRODUCTS_DIR; };
		7D304FA51E3C699D008D422E /* AtristAppTests.m */ = {isa = PBXFileReference; lastKnownFileType = sourcecode.c.objc; path = AtristAppTests.m; sourceTree = "<group>"; };
		7D304FA71E3C699D008D422E /* Info.plist */ = {isa = PBXFileReference; lastKnownFileType = text.plist.xml; path = Info.plist; sourceTree = "<group>"; };
		7D304FAC1E3C699D008D422E /* AtristAppUITests.xctest */ = {isa = PBXFileReference; explicitFileType = wrapper.cfbundle; includeInIndex = 0; path = AtristAppUITests.xctest; sourceTree = BUILT_PRODUCTS_DIR; };
		7D304FB01E3C699D008D422E /* AtristAppUITests.m */ = {isa = PBXFileReference; lastKnownFileType = sourcecode.c.objc; path = AtristAppUITests.m; sourceTree = "<group>"; };
		7D304FB21E3C699D008D422E /* Info.plist */ = {isa = PBXFileReference; lastKnownFileType = text.plist.xml; path = Info.plist; sourceTree = "<group>"; };
		7D304FBE1E3C6C5B008D422E /* ArtistFacade.h */ = {isa = PBXFileReference; fileEncoding = 4; lastKnownFileType = sourcecode.c.h; path = ArtistFacade.h; sourceTree = "<group>"; };
		7D304FBF1E3C6C5B008D422E /* ArtistFacade.m */ = {isa = PBXFileReference; fileEncoding = 4; lastKnownFileType = sourcecode.c.objc; path = ArtistFacade.m; sourceTree = "<group>"; };
		7D304FC21E3C75C2008D422E /* PService.h */ = {isa = PBXFileReference; fileEncoding = 4; lastKnownFileType = sourcecode.c.h; name = PService.h; path = ServiceLayer/PService.h; sourceTree = "<group>"; };
		7D304FC31E3C7794008D422E /* ArtistWebService.h */ = {isa = PBXFileReference; fileEncoding = 4; lastKnownFileType = sourcecode.c.h; name = ArtistWebService.h; path = ServiceLayer/ArtistWebService.h; sourceTree = "<group>"; };
		7D304FC41E3C7794008D422E /* ArtistWebService.m */ = {isa = PBXFileReference; fileEncoding = 4; lastKnownFileType = sourcecode.c.objc; name = ArtistWebService.m; path = ServiceLayer/ArtistWebService.m; sourceTree = "<group>"; };
		7D304FC61E3C789C008D422E /* AbstractWebService.h */ = {isa = PBXFileReference; fileEncoding = 4; lastKnownFileType = sourcecode.c.h; name = AbstractWebService.h; path = ServiceLayer/AbstractWebService.h; sourceTree = "<group>"; };
		7D304FC71E3C789C008D422E /* AbstractWebService.m */ = {isa = PBXFileReference; fileEncoding = 4; lastKnownFileType = sourcecode.c.objc; name = AbstractWebService.m; path = ServiceLayer/AbstractWebService.m; sourceTree = "<group>"; };
		7D304FC91E3C7993008D422E /* PResponseSerializer.h */ = {isa = PBXFileReference; fileEncoding = 4; lastKnownFileType = sourcecode.c.h; name = PResponseSerializer.h; path = ServiceLayer/PResponseSerializer.h; sourceTree = "<group>"; };
		7D304FCA1E3C79CC008D422E /* JasonResponseSerializer.h */ = {isa = PBXFileReference; fileEncoding = 4; lastKnownFileType = sourcecode.c.h; name = JasonResponseSerializer.h; path = ServiceLayer/JasonResponseSerializer.h; sourceTree = "<group>"; };
		7D304FCB1E3C79CC008D422E /* JasonResponseSerializer.m */ = {isa = PBXFileReference; fileEncoding = 4; lastKnownFileType = sourcecode.c.objc; name = JasonResponseSerializer.m; path = ServiceLayer/JasonResponseSerializer.m; sourceTree = "<group>"; };
		7D304FCE1E3CC548008D422E /* PEntity.h */ = {isa = PBXFileReference; fileEncoding = 4; lastKnownFileType = sourcecode.c.h; name = PEntity.h; path = Model/PEntity.h; sourceTree = "<group>"; };
		7D304FCF1E3CC563008D422E /* SongDetails.h */ = {isa = PBXFileReference; fileEncoding = 4; lastKnownFileType = sourcecode.c.h; path = SongDetails.h; sourceTree = "<group>"; };
		7D304FD01E3CC563008D422E /* SongDetails.m */ = {isa = PBXFileReference; fileEncoding = 4; lastKnownFileType = sourcecode.c.objc; path = SongDetails.m; sourceTree = "<group>"; };
		7D6CE56C1E3CD62500584A9E /* PSongDetails.h */ = {isa = PBXFileReference; fileEncoding = 4; lastKnownFileType = sourcecode.c.h; name = PSongDetails.h; path = Model/PSongDetails.h; sourceTree = "<group>"; };
		7DBAEE901E3EE5C500339059 /* PImageDownloader.h */ = {isa = PBXFileReference; fileEncoding = 4; lastKnownFileType = sourcecode.c.h; name = PImageDownloader.h; path = ServiceLayer/PImageDownloader.h; sourceTree = "<group>"; };
		7DBAEE911E3EE68900339059 /* ImageDownloader.h */ = {isa = PBXFileReference; fileEncoding = 4; lastKnownFileType = sourcecode.c.h; name = ImageDownloader.h; path = ServiceLayer/ImageDownloader.h; sourceTree = "<group>"; };
		7DBAEE921E3EE68900339059 /* ImageDownloader.m */ = {isa = PBXFileReference; fileEncoding = 4; lastKnownFileType = sourcecode.c.objc; name = ImageDownloader.m; path = ServiceLayer/ImageDownloader.m; sourceTree = "<group>"; };
		7DBAEE941E3F4D4C00339059 /* SuperTableViewController.h */ = {isa = PBXFileReference; fileEncoding = 4; lastKnownFileType = sourcecode.c.h; path = SuperTableViewController.h; sourceTree = "<group>"; };
		7DBAEE951E3F4D4C00339059 /* SuperTableViewController.m */ = {isa = PBXFileReference; fileEncoding = 4; lastKnownFileType = sourcecode.c.objc; path = SuperTableViewController.m; sourceTree = "<group>"; };
		7DBAEE9A1E3FD5CA00339059 /* config.h */ = {isa = PBXFileReference; fileEncoding = 4; lastKnownFileType = sourcecode.c.h; path = config.h; sourceTree = "<group>"; };
		7DBAEE9B1E3FEFE200339059 /* PSongEntityBuilder.h */ = {isa = PBXFileReference; fileEncoding = 4; lastKnownFileType = sourcecode.c.h; name = PSongEntityBuilder.h; path = Model/Builders/PSongEntityBuilder.h; sourceTree = "<group>"; };
		7DBAEE9C1E405E0D00339059 /* AppHelper.h */ = {isa = PBXFileReference; fileEncoding = 4; lastKnownFileType = sourcecode.c.h; path = AppHelper.h; sourceTree = "<group>"; };
		7DBAEE9D1E405E0D00339059 /* AppHelper.m */ = {isa = PBXFileReference; fileEncoding = 4; lastKnownFileType = sourcecode.c.objc; path = AppHelper.m; sourceTree = "<group>"; };
/* End PBXFileReference section */

/* Begin PBXFrameworksBuildPhase section */
		7D304F851E3C699D008D422E /* Frameworks */ = {
			isa = PBXFrameworksBuildPhase;
			buildActionMask = 2147483647;
			files = (
			);
			runOnlyForDeploymentPostprocessing = 0;
		};
		7D304F9E1E3C699D008D422E /* Frameworks */ = {
			isa = PBXFrameworksBuildPhase;
			buildActionMask = 2147483647;
			files = (
			);
			runOnlyForDeploymentPostprocessing = 0;
		};
		7D304FA91E3C699D008D422E /* Frameworks */ = {
			isa = PBXFrameworksBuildPhase;
			buildActionMask = 2147483647;
			files = (
			);
			runOnlyForDeploymentPostprocessing = 0;
		};
/* End PBXFrameworksBuildPhase section */

/* Begin PBXGroup section */
		7D03E8241E3DEFA0007303BF /* Categories */ = {
			isa = PBXGroup;
			children = (
				7D03E8281E3DF03C007303BF /* NSArray+SongsTableRepresentation.h */,
				7D03E8291E3DF03C007303BF /* NSArray+SongsTableRepresentation.m */,
				7D03E8381E3ED4AC007303BF /* SongDetails+TableRepresentation.h */,
				7D03E8391E3ED4AC007303BF /* SongDetails+TableRepresentation.m */,
				7D03E83B1E3EDBBA007303BF /* PSongDetailLayout.h */,
			);
			name = Categories;
			sourceTree = "<group>";
		};
		7D03E82B1E3E0134007303BF /* CustomViews */ = {
			isa = PBXGroup;
			children = (
				7D03E82C1E3E017A007303BF /* SongNameCellTableViewCell.h */,
				7D03E82D1E3E017A007303BF /* SongNameCellTableViewCell.m */,
				7D03E82F1E3E420C007303BF /* SongDetailTextCell.h */,
				7D03E8301E3E420C007303BF /* SongDetailTextCell.m */,
				7D03E8321E3E4363007303BF /* SongDetailImageCell.h */,
				7D03E8331E3E4363007303BF /* SongDetailImageCell.m */,
			);
			name = CustomViews;
			sourceTree = "<group>";
		};
		7D304F7F1E3C699D008D422E = {
			isa = PBXGroup;
			children = (
				7D304F8A1E3C699D008D422E /* AtristApp */,
				7D304FA41E3C699D008D422E /* AtristAppTests */,
				7D304FAF1E3C699D008D422E /* AtristAppUITests */,
				7D304F891E3C699D008D422E /* Products */,
			);
			sourceTree = "<group>";
		};
		7D304F891E3C699D008D422E /* Products */ = {
			isa = PBXGroup;
			children = (
				7D304F881E3C699D008D422E /* AtristApp.app */,
				7D304FA11E3C699D008D422E /* AtristAppTests.xctest */,
				7D304FAC1E3C699D008D422E /* AtristAppUITests.xctest */,
			);
			name = Products;
			sourceTree = "<group>";
		};
		7D304F8A1E3C699D008D422E /* AtristApp */ = {
			isa = PBXGroup;
			children = (
				7D03E82B1E3E0134007303BF /* CustomViews */,
				7D03E8241E3DEFA0007303BF /* Categories */,
				7D304FCD1E3CC4F1008D422E /* Model */,
				7D304FC11E3C7392008D422E /* ServiceLayer */,
				7D304F8E1E3C699D008D422E /* AppDelegate.h */,
				7D304F8F1E3C699D008D422E /* AppDelegate.m */,
				7D304F941E3C699D008D422E /* Main.storyboard */,
				7D304F971E3C699D008D422E /* Assets.xcassets */,
				7D304F991E3C699D008D422E /* LaunchScreen.storyboard */,
				7D304F9C1E3C699D008D422E /* Info.plist */,
				7D304F8B1E3C699D008D422E /* Supporting Files */,
				7D304FBE1E3C6C5B008D422E /* ArtistFacade.h */,
				7D304FBF1E3C6C5B008D422E /* ArtistFacade.m */,
				7DBAEE9A1E3FD5CA00339059 /* config.h */,
				7D03E8191E3DBBA8007303BF /* SongViewController.h */,
				7D03E81A1E3DBBA8007303BF /* SongViewController.m */,
				7D03E8351E3E464C007303BF /* SongDetailViewController.h */,
				7D03E8361E3E464C007303BF /* SongDetailViewController.m */,
				7DBAEE941E3F4D4C00339059 /* SuperTableViewController.h */,
				7DBAEE951E3F4D4C00339059 /* SuperTableViewController.m */,
				7DBAEE9C1E405E0D00339059 /* AppHelper.h */,
				7DBAEE9D1E405E0D00339059 /* AppHelper.m */,
			);
			path = AtristApp;
			sourceTree = "<group>";
		};
		7D304F8B1E3C699D008D422E /* Supporting Files */ = {
			isa = PBXGroup;
			children = (
				7D304F8C1E3C699D008D422E /* main.m */,
			);
			name = "Supporting Files";
			sourceTree = "<group>";
		};
		7D304FA41E3C699D008D422E /* AtristAppTests */ = {
			isa = PBXGroup;
			children = (
				7D304FA51E3C699D008D422E /* AtristAppTests.m */,
				7D304FA71E3C699D008D422E /* Info.plist */,
				7D03E81C1E3DD59D007303BF /* ArtistWebServiceTest.m */,
				7D03E81E1E3DDA15007303BF /* JasonResponseSerializerTest.m */,
				7D03E8201E3DDB4D007303BF /* SongDetailsBuilderTest.m */,
				7D03E8221E3DE48D007303BF /* ArtistFacadeTest.m */,
			);
			path = AtristAppTests;
			sourceTree = "<group>";
		};
		7D304FAF1E3C699D008D422E /* AtristAppUITests */ = {
			isa = PBXGroup;
			children = (
				7D304FB01E3C699D008D422E /* AtristAppUITests.m */,
				7D304FB21E3C699D008D422E /* Info.plist */,
			);
			path = AtristAppUITests;
			sourceTree = "<group>";
		};
		7D304FC11E3C7392008D422E /* ServiceLayer */ = {
			isa = PBXGroup;
			children = (
				7D304FC21E3C75C2008D422E /* PService.h */,
				7D304FC31E3C7794008D422E /* ArtistWebService.h */,
				7D304FC41E3C7794008D422E /* ArtistWebService.m */,
				7D304FC61E3C789C008D422E /* AbstractWebService.h */,
				7D304FC71E3C789C008D422E /* AbstractWebService.m */,
				7D304FC91E3C7993008D422E /* PResponseSerializer.h */,
				7D304FCA1E3C79CC008D422E /* JasonResponseSerializer.h */,
				7D304FCB1E3C79CC008D422E /* JasonResponseSerializer.m */,
				7DBAEE901E3EE5C500339059 /* PImageDownloader.h */,
				7DBAEE911E3EE68900339059 /* ImageDownloader.h */,
				7DBAEE921E3EE68900339059 /* ImageDownloader.m */,
			);
			name = ServiceLayer;
			sourceTree = "<group>";
		};
		7D304FCD1E3CC4F1008D422E /* Model */ = {
			isa = PBXGroup;
			children = (
				7D6CE56D1E3CD92C00584A9E /* Builders */,
				7D304FCF1E3CC563008D422E /* SongDetails.h */,
				7D304FD01E3CC563008D422E /* SongDetails.m */,
				7D304FCE1E3CC548008D422E /* PEntity.h */,
				7D6CE56C1E3CD62500584A9E /* PSongDetails.h */,
			);
			name = Model;
			sourceTree = "<group>";
		};
		7D6CE56D1E3CD92C00584A9E /* Builders */ = {
			isa = PBXGroup;
			children = (
				7D03E8151E3D7DCF007303BF /* PEntiityBuilder.h */,
				7D03E8161E3D7FD3007303BF /* SongDetailsBuilder.h */,
				7D03E8171E3D7FD3007303BF /* SongDetailsBuilder.m */,
				7DBAEE9B1E3FEFE200339059 /* PSongEntityBuilder.h */,
			);
			name = Builders;
			sourceTree = "<group>";
		};
/* End PBXGroup section */

/* Begin PBXNativeTarget section */
		7D304F871E3C699D008D422E /* AtristApp */ = {
			isa = PBXNativeTarget;
			buildConfigurationList = 7D304FB51E3C699D008D422E /* Build configuration list for PBXNativeTarget "AtristApp" */;
			buildPhases = (
				7D304F841E3C699D008D422E /* Sources */,
				7D304F851E3C699D008D422E /* Frameworks */,
				7D304F861E3C699D008D422E /* Resources */,
			);
			buildRules = (
			);
			dependencies = (
			);
			name = AtristApp;
			productName = AtristApp;
			productReference = 7D304F881E3C699D008D422E /* AtristApp.app */;
			productType = "com.apple.product-type.application";
		};
		7D304FA01E3C699D008D422E /* AtristAppTests */ = {
			isa = PBXNativeTarget;
			buildConfigurationList = 7D304FB81E3C699D008D422E /* Build configuration list for PBXNativeTarget "AtristAppTests" */;
			buildPhases = (
				7D304F9D1E3C699D008D422E /* Sources */,
				7D304F9E1E3C699D008D422E /* Frameworks */,
				7D304F9F1E3C699D008D422E /* Resources */,
			);
			buildRules = (
			);
			dependencies = (
				7D304FA31E3C699D008D422E /* PBXTargetDependency */,
			);
			name = AtristAppTests;
			productName = AtristAppTests;
			productReference = 7D304FA11E3C699D008D422E /* AtristAppTests.xctest */;
			productType = "com.apple.product-type.bundle.unit-test";
		};
		7D304FAB1E3C699D008D422E /* AtristAppUITests */ = {
			isa = PBXNativeTarget;
			buildConfigurationList = 7D304FBB1E3C699D008D422E /* Build configuration list for PBXNativeTarget "AtristAppUITests" */;
			buildPhases = (
				7D304FA81E3C699D008D422E /* Sources */,
				7D304FA91E3C699D008D422E /* Frameworks */,
				7D304FAA1E3C699D008D422E /* Resources */,
			);
			buildRules = (
			);
			dependencies = (
				7D304FAE1E3C699D008D422E /* PBXTargetDependency */,
			);
			name = AtristAppUITests;
			productName = AtristAppUITests;
			productReference = 7D304FAC1E3C699D008D422E /* AtristAppUITests.xctest */;
			productType = "com.apple.product-type.bundle.ui-testing";
		};
/* End PBXNativeTarget section */

/* Begin PBXProject section */
		7D304F801E3C699D008D422E /* Project object */ = {
			isa = PBXProject;
			attributes = {
				LastUpgradeCheck = 0820;
				ORGANIZATIONNAME = pqj647;
				TargetAttributes = {
					7D304F871E3C699D008D422E = {
						CreatedOnToolsVersion = 8.2.1;
						DevelopmentTeam = DNSTESXL8W;
						ProvisioningStyle = Automatic;
					};
					7D304FA01E3C699D008D422E = {
						CreatedOnToolsVersion = 8.2.1;
						ProvisioningStyle = Automatic;
						TestTargetID = 7D304F871E3C699D008D422E;
					};
					7D304FAB1E3C699D008D422E = {
						CreatedOnToolsVersion = 8.2.1;
						ProvisioningStyle = Automatic;
						TestTargetID = 7D304F871E3C699D008D422E;
					};
				};
			};
			buildConfigurationList = 7D304F831E3C699D008D422E /* Build configuration list for PBXProject "AtristApp" */;
			compatibilityVersion = "Xcode 3.2";
			developmentRegion = English;
			hasScannedForEncodings = 0;
			knownRegions = (
				en,
				Base,
			);
			mainGroup = 7D304F7F1E3C699D008D422E;
			productRefGroup = 7D304F891E3C699D008D422E /* Products */;
			projectDirPath = "";
			projectRoot = "";
			targets = (
				7D304F871E3C699D008D422E /* AtristApp */,
				7D304FA01E3C699D008D422E /* AtristAppTests */,
				7D304FAB1E3C699D008D422E /* AtristAppUITests */,
			);
		};
/* End PBXProject section */

/* Begin PBXResourcesBuildPhase section */
		7D304F861E3C699D008D422E /* Resources */ = {
			isa = PBXResourcesBuildPhase;
			buildActionMask = 2147483647;
			files = (
				7D304F9B1E3C699D008D422E /* LaunchScreen.storyboard in Resources */,
				7D304F981E3C699D008D422E /* Assets.xcassets in Resources */,
				7D304F961E3C699D008D422E /* Main.storyboard in Resources */,
			);
			runOnlyForDeploymentPostprocessing = 0;
		};
		7D304F9F1E3C699D008D422E /* Resources */ = {
			isa = PBXResourcesBuildPhase;
			buildActionMask = 2147483647;
			files = (
			);
			runOnlyForDeploymentPostprocessing = 0;
		};
		7D304FAA1E3C699D008D422E /* Resources */ = {
			isa = PBXResourcesBuildPhase;
			buildActionMask = 2147483647;
			files = (
			);
			runOnlyForDeploymentPostprocessing = 0;
		};
/* End PBXResourcesBuildPhase section */

/* Begin PBXSourcesBuildPhase section */
		7D304F841E3C699D008D422E /* Sources */ = {
			isa = PBXSourcesBuildPhase;
			buildActionMask = 2147483647;
			files = (
				7D304FC51E3C7794008D422E /* ArtistWebService.m in Sources */,
				7D03E8311E3E420C007303BF /* SongDetailTextCell.m in Sources */,
				7D03E82E1E3E017A007303BF /* SongNameCellTableViewCell.m in Sources */,
				7D304FC01E3C6C5B008D422E /* ArtistFacade.m in Sources */,
				7D03E8371E3E464C007303BF /* SongDetailViewController.m in Sources */,
				7D304FC81E3C789C008D422E /* AbstractWebService.m in Sources */,
				7D03E82A1E3DF03C007303BF /* NSArray+SongsTableRepresentation.m in Sources */,
				7DBAEE961E3F4D4C00339059 /* SuperTableViewController.m in Sources */,
				7D304F901E3C699D008D422E /* AppDelegate.m in Sources */,
				7D03E8181E3D7FD3007303BF /* SongDetailsBuilder.m in Sources */,
				7D03E8341E3E4363007303BF /* SongDetailImageCell.m in Sources */,
				7DBAEE9E1E405E0D00339059 /* AppHelper.m in Sources */,
				7D304FD11E3CC563008D422E /* SongDetails.m in Sources */,
				7D304F8D1E3C699D008D422E /* main.m in Sources */,
				7D03E83A1E3ED4AC007303BF /* SongDetails+TableRepresentation.m in Sources */,
				7DBAEE931E3EE68900339059 /* ImageDownloader.m in Sources */,
				7D304FCC1E3C79CC008D422E /* JasonResponseSerializer.m in Sources */,
				7D03E81B1E3DBBA8007303BF /* SongViewController.m in Sources */,
			);
			runOnlyForDeploymentPostprocessing = 0;
		};
		7D304F9D1E3C699D008D422E /* Sources */ = {
			isa = PBXSourcesBuildPhase;
			buildActionMask = 2147483647;
			files = (
				7D304FA61E3C699D008D422E /* AtristAppTests.m in Sources */,
				7D03E8231E3DE48D007303BF /* ArtistFacadeTest.m in Sources */,
				7D03E81D1E3DD59D007303BF /* ArtistWebServiceTest.m in Sources */,
				7D03E81F1E3DDA15007303BF /* JasonResponseSerializerTest.m in Sources */,
				7D03E8211E3DDB4D007303BF /* SongDetailsBuilderTest.m in Sources */,
			);
			runOnlyForDeploymentPostprocessing = 0;
		};
		7D304FA81E3C699D008D422E /* Sources */ = {
			isa = PBXSourcesBuildPhase;
			buildActionMask = 2147483647;
			files = (
				7D304FB11E3C699D008D422E /* AtristAppUITests.m in Sources */,
			);
			runOnlyForDeploymentPostprocessing = 0;
		};
/* End PBXSourcesBuildPhase section */

/* Begin PBXTargetDependency section */
		7D304FA31E3C699D008D422E /* PBXTargetDependency */ = {
			isa = PBXTargetDependency;
			target = 7D304F871E3C699D008D422E /* AtristApp */;
			targetProxy = 7D304FA21E3C699D008D422E /* PBXContainerItemProxy */;
		};
		7D304FAE1E3C699D008D422E /* PBXTargetDependency */ = {
			isa = PBXTargetDependency;
			target = 7D304F871E3C699D008D422E /* AtristApp */;
			targetProxy = 7D304FAD1E3C699D008D422E /* PBXContainerItemProxy */;
		};
/* End PBXTargetDependency section */

/* Begin PBXVariantGroup section */
		7D304F941E3C699D008D422E /* Main.storyboard */ = {
			isa = PBXVariantGroup;
			children = (
				7D304F951E3C699D008D422E /* Base */,
			);
			name = Main.storyboard;
			sourceTree = "<group>";
		};
		7D304F991E3C699D008D422E /* LaunchScreen.storyboard */ = {
			isa = PBXVariantGroup;
			children = (
				7D304F9A1E3C699D008D422E /* Base */,
			);
			name = LaunchScreen.storyboard;
			sourceTree = "<group>";
		};
/* End PBXVariantGroup section */

/* Begin XCBuildConfiguration section */
		7D304FB31E3C699D008D422E /* Debug */ = {
			isa = XCBuildConfiguration;
			buildSettings = {
				ALWAYS_SEARCH_USER_PATHS = NO;
				CLANG_ANALYZER_NONNULL = YES;
				CLANG_CXX_LANGUAGE_STANDARD = "gnu++0x";
				CLANG_CXX_LIBRARY = "libc++";
				CLANG_ENABLE_MODULES = YES;
				CLANG_ENABLE_OBJC_ARC = YES;
				CLANG_WARN_BOOL_CONVERSION = YES;
				CLANG_WARN_CONSTANT_CONVERSION = YES;
				CLANG_WARN_DIRECT_OBJC_ISA_USAGE = YES_ERROR;
				CLANG_WARN_DOCUMENTATION_COMMENTS = YES;
				CLANG_WARN_EMPTY_BODY = YES;
				CLANG_WARN_ENUM_CONVERSION = YES;
				CLANG_WARN_INFINITE_RECURSION = YES;
				CLANG_WARN_INT_CONVERSION = YES;
				CLANG_WARN_OBJC_ROOT_CLASS = YES_ERROR;
				CLANG_WARN_SUSPICIOUS_MOVE = YES;
				CLANG_WARN_UNREACHABLE_CODE = YES;
				CLANG_WARN__DUPLICATE_METHOD_MATCH = YES;
				"CODE_SIGN_IDENTITY[sdk=iphoneos*]" = "iPhone Developer";
				COPY_PHASE_STRIP = NO;
				DEBUG_INFORMATION_FORMAT = dwarf;
				ENABLE_STRICT_OBJC_MSGSEND = YES;
				ENABLE_TESTABILITY = YES;
				GCC_C_LANGUAGE_STANDARD = gnu99;
				GCC_DYNAMIC_NO_PIC = NO;
				GCC_NO_COMMON_BLOCKS = YES;
				GCC_OPTIMIZATION_LEVEL = 0;
				GCC_PREPROCESSOR_DEFINITIONS = (
					"DEBUG=1",
					"$(inherited)",
				);
				GCC_WARN_64_TO_32_BIT_CONVERSION = YES;
				GCC_WARN_ABOUT_RETURN_TYPE = YES_ERROR;
				GCC_WARN_UNDECLARED_SELECTOR = YES;
				GCC_WARN_UNINITIALIZED_AUTOS = YES_AGGRESSIVE;
				GCC_WARN_UNUSED_FUNCTION = YES;
				GCC_WARN_UNUSED_VARIABLE = YES;
				IPHONEOS_DEPLOYMENT_TARGET = 10.2;
				MTL_ENABLE_DEBUG_INFO = YES;
				ONLY_ACTIVE_ARCH = YES;
				SDKROOT = iphoneos;
			};
			name = Debug;
		};
		7D304FB41E3C699D008D422E /* Release */ = {
			isa = XCBuildConfiguration;
			buildSettings = {
				ALWAYS_SEARCH_USER_PATHS = NO;
				CLANG_ANALYZER_NONNULL = YES;
				CLANG_CXX_LANGUAGE_STANDARD = "gnu++0x";
				CLANG_CXX_LIBRARY = "libc++";
				CLANG_ENABLE_MODULES = YES;
				CLANG_ENABLE_OBJC_ARC = YES;
				CLANG_WARN_BOOL_CONVERSION = YES;
				CLANG_WARN_CONSTANT_CONVERSION = YES;
				CLANG_WARN_DIRECT_OBJC_ISA_USAGE = YES_ERROR;
				CLANG_WARN_DOCUMENTATION_COMMENTS = YES;
				CLANG_WARN_EMPTY_BODY = YES;
				CLANG_WARN_ENUM_CONVERSION = YES;
				CLANG_WARN_INFINITE_RECURSION = YES;
				CLANG_WARN_INT_CONVERSION = YES;
				CLANG_WARN_OBJC_ROOT_CLASS = YES_ERROR;
				CLANG_WARN_SUSPICIOUS_MOVE = YES;
				CLANG_WARN_UNREACHABLE_CODE = YES;
				CLANG_WARN__DUPLICATE_METHOD_MATCH = YES;
				"CODE_SIGN_IDENTITY[sdk=iphoneos*]" = "iPhone Developer";
				COPY_PHASE_STRIP = NO;
				DEBUG_INFORMATION_FORMAT = "dwarf-with-dsym";
				ENABLE_NS_ASSERTIONS = NO;
				ENABLE_STRICT_OBJC_MSGSEND = YES;
				GCC_C_LANGUAGE_STANDARD = gnu99;
				GCC_NO_COMMON_BLOCKS = YES;
				GCC_WARN_64_TO_32_BIT_CONVERSION = YES;
				GCC_WARN_ABOUT_RETURN_TYPE = YES_ERROR;
				GCC_WARN_UNDECLARED_SELECTOR = YES;
				GCC_WARN_UNINITIALIZED_AUTOS = YES_AGGRESSIVE;
				GCC_WARN_UNUSED_FUNCTION = YES;
				GCC_WARN_UNUSED_VARIABLE = YES;
				IPHONEOS_DEPLOYMENT_TARGET = 10.2;
				MTL_ENABLE_DEBUG_INFO = NO;
				SDKROOT = iphoneos;
				VALIDATE_PRODUCT = YES;
			};
			name = Release;
		};
		7D304FB61E3C699D008D422E /* Debug */ = {
			isa = XCBuildConfiguration;
			buildSettings = {
				ASSETCATALOG_COMPILER_APPICON_NAME = AppIcon;
				DEVELOPMENT_TEAM = DNSTESXL8W;
				INFOPLIST_FILE = AtristApp/Info.plist;
				IPHONEOS_DEPLOYMENT_TARGET = 9.0;
				LD_RUNPATH_SEARCH_PATHS = "$(inherited) @executable_path/Frameworks";
				PRODUCT_BUNDLE_IDENTIFIER = Zebra.AtristApp;
				PRODUCT_NAME = "$(TARGET_NAME)";
				TARGETED_DEVICE_FAMILY = "1,2";
			};
			name = Debug;
		};
		7D304FB71E3C699D008D422E /* Release */ = {
			isa = XCBuildConfiguration;
			buildSettings = {
				ASSETCATALOG_COMPILER_APPICON_NAME = AppIcon;
				DEVELOPMENT_TEAM = DNSTESXL8W;
				INFOPLIST_FILE = AtristApp/Info.plist;
				IPHONEOS_DEPLOYMENT_TARGET = 9.0;
				LD_RUNPATH_SEARCH_PATHS = "$(inherited) @executable_path/Frameworks";
				PRODUCT_BUNDLE_IDENTIFIER = Zebra.AtristApp;
				PRODUCT_NAME = "$(TARGET_NAME)";
				TARGETED_DEVICE_FAMILY = "1,2";
			};
			name = Release;
		};
		7D304FB91E3C699D008D422E /* Debug */ = {
			isa = XCBuildConfiguration;
			buildSettings = {
				BUNDLE_LOADER = "$(TEST_HOST)";
				INFOPLIST_FILE = AtristAppTests/Info.plist;
				LD_RUNPATH_SEARCH_PATHS = "$(inherited) @executable_path/Frameworks @loader_path/Frameworks";
				PRODUCT_BUNDLE_IDENTIFIER = Zebra.AtristAppTests;
				PRODUCT_NAME = "$(TARGET_NAME)";
				TEST_HOST = "$(BUILT_PRODUCTS_DIR)/AtristApp.app/AtristApp";
			};
			name = Debug;
		};
		7D304FBA1E3C699D008D422E /* Release */ = {
			isa = XCBuildConfiguration;
			buildSettings = {
				BUNDLE_LOADER = "$(TEST_HOST)";
				INFOPLIST_FILE = AtristAppTests/Info.plist;
				LD_RUNPATH_SEARCH_PATHS = "$(inherited) @executable_path/Frameworks @loader_path/Frameworks";
				PRODUCT_BUNDLE_IDENTIFIER = Zebra.AtristAppTests;
				PRODUCT_NAME = "$(TARGET_NAME)";
				TEST_HOST = "$(BUILT_PRODUCTS_DIR)/AtristApp.app/AtristApp";
			};
			name = Release;
		};
		7D304FBC1E3C699D008D422E /* Debug */ = {
			isa = XCBuildConfiguration;
			buildSettings = {
				INFOPLIST_FILE = AtristAppUITests/Info.plist;
				LD_RUNPATH_SEARCH_PATHS = "$(inherited) @executable_path/Frameworks @loader_path/Frameworks";
				PRODUCT_BUNDLE_IDENTIFIER = Zebra.AtristAppUITests;
				PRODUCT_NAME = "$(TARGET_NAME)";
				TEST_TARGET_NAME = AtristApp;
			};
			name = Debug;
		};
		7D304FBD1E3C699D008D422E /* Release */ = {
			isa = XCBuildConfiguration;
			buildSettings = {
				INFOPLIST_FILE = AtristAppUITests/Info.plist;
				LD_RUNPATH_SEARCH_PATHS = "$(inherited) @executable_path/Frameworks @loader_path/Frameworks";
				PRODUCT_BUNDLE_IDENTIFIER = Zebra.AtristAppUITests;
				PRODUCT_NAME = "$(TARGET_NAME)";
				TEST_TARGET_NAME = AtristApp;
			};
			name = Release;
		};
/* End XCBuildConfiguration section */

/* Begin XCConfigurationList section */
		7D304F831E3C699D008D422E /* Build configuration list for PBXProject "AtristApp" */ = {
			isa = XCConfigurationList;
			buildConfigurations = (
				7D304FB31E3C699D008D422E /* Debug */,
				7D304FB41E3C699D008D422E /* Release */,
			);
			defaultConfigurationIsVisible = 0;
			defaultConfigurationName = Release;
		};
		7D304FB51E3C699D008D422E /* Build configuration list for PBXNativeTarget "AtristApp" */ = {
			isa = XCConfigurationList;
			buildConfigurations = (
				7D304FB61E3C699D008D422E /* Debug */,
				7D304FB71E3C699D008D422E /* Release */,
			);
			defaultConfigurationIsVisible = 0;
			defaultConfigurationName = Release;
		};
		7D304FB81E3C699D008D422E /* Build configuration list for PBXNativeTarget "AtristAppTests" */ = {
			isa = XCConfigurationList;
			buildConfigurations = (
				7D304FB91E3C699D008D422E /* Debug */,
				7D304FBA1E3C699D008D422E /* Release */,
			);
			defaultConfigurationIsVisible = 0;
			defaultConfigurationName = Release;
		};
		7D304FBB1E3C699D008D422E /* Build configuration list for PBXNativeTarget "AtristAppUITests" */ = {
			isa = XCConfigurationList;
			buildConfigurations = (
				7D304FBC1E3C699D008D422E /* Debug */,
				7D304FBD1E3C699D008D422E /* Release */,
			);
			defaultConfigurationIsVisible = 0;
			defaultConfigurationName = Release;
		};
/* End XCConfigurationList section */
	};
	rootObject = 7D304F801E3C699D008D422E /* Project object */;
}
